
Microsoft Visual Studio Solution File, Format Version 12.00
# Visual Studio Version 17
VisualStudioVersion = 17.8.34408.163
MinimumVisualStudioVersion = 10.0.40219.1
Project("{FAE04EC0-301F-11D3-BF4B-00C04F79EFBC}") = "Dolgozat3", "Dolgozat3.csproj", "{78B7CDE3-6C97-439C-B03A-D31C75253F9F}"
EndProject
Global
	GlobalSection(SolutionConfigurationPlatforms) = preSolution
		Debug|Any CPU = Debug|Any CPU
		Release|Any CPU = Release|Any CPU
	EndGlobalSection
	GlobalSection(ProjectConfigurationPlatforms) = postSolution
		{78B7CDE3-6C97-439C-B03A-D31C75253F9F}.Debug|Any CPU.ActiveCfg = Debug|Any CPU
		{78B7CDE3-6C97-439C-B03A-D31C75253F9F}.Debug|Any CPU.Build.0 = Debug|Any CPU
		{78B7CDE3-6C97-439C-B03A-D31C75253F9F}.Release|Any CPU.ActiveCfg = Release|Any CPU
		{78B7CDE3-6C97-439C-B03A-D31C75253F9F}.Release|Any CPU.Build.0 = Release|Any CPU
	EndGlobalSection
	GlobalSection(SolutionProperties) = preSolution
		HideSolutionNode = FALSE
	EndGlobalSection
	GlobalSection(ExtensibilityGlobals) = postSolution
		SolutionGuid = {8D4ED661-8861-41FD-AF51-9578BE745F7D}
	EndGlobalSection
EndGlobal
